{
  "name": "maps",
  "lockfileVersion": 2,
  "requires": true,
  "packages": {
    "": {
      "dependencies": {
        "@types/google.maps": "^3.47.2",
        "@withshepherd/faker": "^5.5.5"
      },
      "devDependencies": {
        "typescript": "^4.5.4"
      }
    },
    "node_modules/@types/google.maps": {
      "version": "3.47.2",
      "resolved": "https://registry.npmjs.org/@types/google.maps/-/google.maps-3.47.2.tgz",
      "integrity": "sha512-mFmt428CY4UN49U8KH5J4RfcdkeRu6SZyPIXxU1MA0pnHb4pqn/c/whawTodB3pkKWe8F9fXfUlpBFsk9HucXw=="
    },
    "node_modules/@withshepherd/faker": {
      "version": "5.5.5",
      "resolved": "https://registry.npmjs.org/@withshepherd/faker/-/faker-5.5.5.tgz",
      "integrity": "sha512-JgWi87zb13lrQxBc4A5my60mrZhGFgB6ixaQ1Tz2CBt5eg/6FahQiDFouI/IAW3TtX/Xeoj23AsiehQaUYddcw=="
    },
    "node_modules/typescript": {
      "version": "4.5.4",
      "resolved": "https://registry.npmjs.org/typescript/-/typescript-4.5.4.tgz",
      "integrity": "sha512-VgYs2A2QIRuGphtzFV7aQJduJ2gyfTljngLzjpfW9FoYZF6xuw1W0vW9ghCKLfcWrCFxK81CSGRAvS1pn4fIUg==",
      "dev": true,
      "bin": {
        "tsc": "bin/tsc",
        "tsserver": "bin/tsserver"
      },
      "engines": {
        "node": ">=4.2.0"
      }
    }
  },
  "dependencies": {
    "@types/google.maps": {
      "version": "3.47.2",
      "resolved": "https://registry.npmjs.org/@types/google.maps/-/google.maps-3.47.2.tgz",
      "integrity": "sha512-mFmt428CY4UN49U8KH5J4RfcdkeRu6SZyPIXxU1MA0pnHb4pqn/c/whawTodB3pkKWe8F9fXfUlpBFsk9HucXw=="
    },
    "@withshepherd/faker": {
      "version": "5.5.5",
      "resolved": "https://registry.npmjs.org/@withshepherd/faker/-/faker-5.5.5.tgz",
      "integrity": "sha512-JgWi87zb13lrQxBc4A5my60mrZhGFgB6ixaQ1Tz2CBt5eg/6FahQiDFouI/IAW3TtX/Xeoj23AsiehQaUYddcw=="
    },
    "typescript": {
      "version": "4.5.4",
      "resolved": "https://registry.npmjs.org/typescript/-/typescript-4.5.4.tgz",
      "integrity": "sha512-VgYs2A2QIRuGphtzFV7aQJduJ2gyfTljngLzjpfW9FoYZF6xuw1W0vW9ghCKLfcWrCFxK81CSGRAvS1pn4fIUg==",
      "dev": true
    }
  }
}
